
Microsoft Visual Studio Solution File, Format Version 12.00
# Visual Studio 15
VisualStudioVersion = 15.0.26730.16
MinimumVisualStudioVersion = 10.0.40219.1
Project("{FAE04EC0-301F-11D3-BF4B-00C04F79EFBC}") = "LNF", "LNF\LNF.csproj", "{E3B73410-869B-4BA2-99AC-AD6708A27ADE}"
EndProject
Project("{FAE04EC0-301F-11D3-BF4B-00C04F79EFBC}") = "LNF.Tests", "LNF.Tests\LNF.Tests.csproj", "{25BDE042-9039-417E-96AA-F8958A7B9085}"
EndProject
Project("{FAE04EC0-301F-11D3-BF4B-00C04F79EFBC}") = "LNF.Scripting", "LNF.Scripting\LNF.Scripting.csproj", "{9A06D3AB-B920-44CA-B880-ED6E955E9F71}"
EndProject
Project("{FAE04EC0-301F-11D3-BF4B-00C04F79EFBC}") = "LNF.Impl", "LNF.Impl\LNF.Impl.csproj", "{7A6CD165-0C48-4680-9A49-281688EB1CD8}"
EndProject
Project("{FAE04EC0-301F-11D3-BF4B-00C04F79EFBC}") = "LNF.Web", "LNF.Web\LNF.Web.csproj", "{F79683FF-E524-4107-A6E1-29579EE544E1}"
EndProject
Project("{FAE04EC0-301F-11D3-BF4B-00C04F79EFBC}") = "LNF.GoogleApi", "LNF.GoogleApi\LNF.GoogleApi.csproj", "{38E0FE39-83A8-4C81-8905-76A2AC5A0124}"
EndProject
Project("{FAE04EC0-301F-11D3-BF4B-00C04F79EFBC}") = "LNF.Printing", "LNF.Printing\LNF.Printing.csproj", "{7D548D87-F609-45D7-B3AF-BCB99996931E}"
EndProject
Project("{FAE04EC0-301F-11D3-BF4B-00C04F79EFBC}") = "LNF.WebApi", "LNF.WebApi\LNF.WebApi.csproj", "{85BE7662-47C8-4E82-8090-3F2BD61CC0F7}"
EndProject
Project("{FAE04EC0-301F-11D3-BF4B-00C04F79EFBC}") = "OnlineServices.Api", "OnlineServices.Api\OnlineServices.Api.csproj", "{D0C76FE8-7233-4DA5-B106-8E4F51A32AD2}"
EndProject
Project("{FAE04EC0-301F-11D3-BF4B-00C04F79EFBC}") = "LNF.Models", "LNF.Models\LNF.Models.csproj", "{98C7F73D-EF9D-4A87-8B79-A1208085CFBD}"
EndProject
Global
	GlobalSection(SolutionConfigurationPlatforms) = preSolution
		Debug|Any CPU = Debug|Any CPU
		Debug|ARM = Debug|ARM
		Debug|Mixed Platforms = Debug|Mixed Platforms
		Debug|x64 = Debug|x64
		Debug|x86 = Debug|x86
		Release|Any CPU = Release|Any CPU
		Release|ARM = Release|ARM
		Release|Mixed Platforms = Release|Mixed Platforms
		Release|x64 = Release|x64
		Release|x86 = Release|x86
	EndGlobalSection
	GlobalSection(ProjectConfigurationPlatforms) = postSolution
		{E3B73410-869B-4BA2-99AC-AD6708A27ADE}.Debug|Any CPU.ActiveCfg = Debug|Any CPU
		{E3B73410-869B-4BA2-99AC-AD6708A27ADE}.Debug|Any CPU.Build.0 = Debug|Any CPU
		{E3B73410-869B-4BA2-99AC-AD6708A27ADE}.Debug|ARM.ActiveCfg = Debug|Any CPU
		{E3B73410-869B-4BA2-99AC-AD6708A27ADE}.Debug|ARM.Build.0 = Debug|Any CPU
		{E3B73410-869B-4BA2-99AC-AD6708A27ADE}.Debug|Mixed Platforms.ActiveCfg = Debug|Any CPU
		{E3B73410-869B-4BA2-99AC-AD6708A27ADE}.Debug|Mixed Platforms.Build.0 = Debug|Any CPU
		{E3B73410-869B-4BA2-99AC-AD6708A27ADE}.Debug|x64.ActiveCfg = Debug|Any CPU
		{E3B73410-869B-4BA2-99AC-AD6708A27ADE}.Debug|x64.Build.0 = Debug|Any CPU
		{E3B73410-869B-4BA2-99AC-AD6708A27ADE}.Debug|x86.ActiveCfg = Debug|Any CPU
		{E3B73410-869B-4BA2-99AC-AD6708A27ADE}.Release|Any CPU.ActiveCfg = Release|Any CPU
		{E3B73410-869B-4BA2-99AC-AD6708A27ADE}.Release|Any CPU.Build.0 = Release|Any CPU
		{E3B73410-869B-4BA2-99AC-AD6708A27ADE}.Release|ARM.ActiveCfg = Release|Any CPU
		{E3B73410-869B-4BA2-99AC-AD6708A27ADE}.Release|ARM.Build.0 = Release|Any CPU
		{E3B73410-869B-4BA2-99AC-AD6708A27ADE}.Release|Mixed Platforms.ActiveCfg = Release|Any CPU
		{E3B73410-869B-4BA2-99AC-AD6708A27ADE}.Release|Mixed Platforms.Build.0 = Release|Any CPU
		{E3B73410-869B-4BA2-99AC-AD6708A27ADE}.Release|x64.ActiveCfg = Release|Any CPU
		{E3B73410-869B-4BA2-99AC-AD6708A27ADE}.Release|x64.Build.0 = Release|Any CPU
		{E3B73410-869B-4BA2-99AC-AD6708A27ADE}.Release|x86.ActiveCfg = Release|Any CPU
		{25BDE042-9039-417E-96AA-F8958A7B9085}.Debug|Any CPU.ActiveCfg = Debug|Any CPU
		{25BDE042-9039-417E-96AA-F8958A7B9085}.Debug|Any CPU.Build.0 = Debug|Any CPU
		{25BDE042-9039-417E-96AA-F8958A7B9085}.Debug|ARM.ActiveCfg = Debug|Any CPU
		{25BDE042-9039-417E-96AA-F8958A7B9085}.Debug|ARM.Build.0 = Debug|Any CPU
		{25BDE042-9039-417E-96AA-F8958A7B9085}.Debug|Mixed Platforms.ActiveCfg = Debug|Any CPU
		{25BDE042-9039-417E-96AA-F8958A7B9085}.Debug|Mixed Platforms.Build.0 = Debug|Any CPU
		{25BDE042-9039-417E-96AA-F8958A7B9085}.Debug|x64.ActiveCfg = Debug|Any CPU
		{25BDE042-9039-417E-96AA-F8958A7B9085}.Debug|x64.Build.0 = Debug|Any CPU
		{25BDE042-9039-417E-96AA-F8958A7B9085}.Debug|x86.ActiveCfg = Debug|Any CPU
		{25BDE042-9039-417E-96AA-F8958A7B9085}.Release|Any CPU.ActiveCfg = Release|Any CPU
		{25BDE042-9039-417E-96AA-F8958A7B9085}.Release|Any CPU.Build.0 = Release|Any CPU
		{25BDE042-9039-417E-96AA-F8958A7B9085}.Release|ARM.ActiveCfg = Release|Any CPU
		{25BDE042-9039-417E-96AA-F8958A7B9085}.Release|ARM.Build.0 = Release|Any CPU
		{25BDE042-9039-417E-96AA-F8958A7B9085}.Release|Mixed Platforms.ActiveCfg = Release|Any CPU
		{25BDE042-9039-417E-96AA-F8958A7B9085}.Release|Mixed Platforms.Build.0 = Release|Any CPU
		{25BDE042-9039-417E-96AA-F8958A7B9085}.Release|x64.ActiveCfg = Release|Any CPU
		{25BDE042-9039-417E-96AA-F8958A7B9085}.Release|x64.Build.0 = Release|Any CPU
		{25BDE042-9039-417E-96AA-F8958A7B9085}.Release|x86.ActiveCfg = Release|Any CPU
		{9A06D3AB-B920-44CA-B880-ED6E955E9F71}.Debug|Any CPU.ActiveCfg = Debug|Any CPU
		{9A06D3AB-B920-44CA-B880-ED6E955E9F71}.Debug|Any CPU.Build.0 = Debug|Any CPU
		{9A06D3AB-B920-44CA-B880-ED6E955E9F71}.Debug|ARM.ActiveCfg = Debug|Any CPU
		{9A06D3AB-B920-44CA-B880-ED6E955E9F71}.Debug|ARM.Build.0 = Debug|Any CPU
		{9A06D3AB-B920-44CA-B880-ED6E955E9F71}.Debug|Mixed Platforms.ActiveCfg = Debug|Any CPU
		{9A06D3AB-B920-44CA-B880-ED6E955E9F71}.Debug|Mixed Platforms.Build.0 = Debug|Any CPU
		{9A06D3AB-B920-44CA-B880-ED6E955E9F71}.Debug|x64.ActiveCfg = Debug|Any CPU
		{9A06D3AB-B920-44CA-B880-ED6E955E9F71}.Debug|x64.Build.0 = Debug|Any CPU
		{9A06D3AB-B920-44CA-B880-ED6E955E9F71}.Debug|x86.ActiveCfg = Debug|Any CPU
		{9A06D3AB-B920-44CA-B880-ED6E955E9F71}.Release|Any CPU.ActiveCfg = Release|Any CPU
		{9A06D3AB-B920-44CA-B880-ED6E955E9F71}.Release|Any CPU.Build.0 = Release|Any CPU
		{9A06D3AB-B920-44CA-B880-ED6E955E9F71}.Release|ARM.ActiveCfg = Release|Any CPU
		{9A06D3AB-B920-44CA-B880-ED6E955E9F71}.Release|ARM.Build.0 = Release|Any CPU
		{9A06D3AB-B920-44CA-B880-ED6E955E9F71}.Release|Mixed Platforms.ActiveCfg = Release|Any CPU
		{9A06D3AB-B920-44CA-B880-ED6E955E9F71}.Release|Mixed Platforms.Build.0 = Release|Any CPU
		{9A06D3AB-B920-44CA-B880-ED6E955E9F71}.Release|x64.ActiveCfg = Release|Any CPU
		{9A06D3AB-B920-44CA-B880-ED6E955E9F71}.Release|x64.Build.0 = Release|Any CPU
		{9A06D3AB-B920-44CA-B880-ED6E955E9F71}.Release|x86.ActiveCfg = Release|Any CPU
		{7A6CD165-0C48-4680-9A49-281688EB1CD8}.Debug|Any CPU.ActiveCfg = Debug|Any CPU
		{7A6CD165-0C48-4680-9A49-281688EB1CD8}.Debug|Any CPU.Build.0 = Debug|Any CPU
		{7A6CD165-0C48-4680-9A49-281688EB1CD8}.Debug|ARM.ActiveCfg = Debug|Any CPU
		{7A6CD165-0C48-4680-9A49-281688EB1CD8}.Debug|ARM.Build.0 = Debug|Any CPU
		{7A6CD165-0C48-4680-9A49-281688EB1CD8}.Debug|Mixed Platforms.ActiveCfg = Debug|Any CPU
		{7A6CD165-0C48-4680-9A49-281688EB1CD8}.Debug|Mixed Platforms.Build.0 = Debug|Any CPU
		{7A6CD165-0C48-4680-9A49-281688EB1CD8}.Debug|x64.ActiveCfg = Debug|Any CPU
		{7A6CD165-0C48-4680-9A49-281688EB1CD8}.Debug|x64.Build.0 = Debug|Any CPU
		{7A6CD165-0C48-4680-9A49-281688EB1CD8}.Debug|x86.ActiveCfg = Debug|Any CPU
		{7A6CD165-0C48-4680-9A49-281688EB1CD8}.Release|Any CPU.ActiveCfg = Release|Any CPU
		{7A6CD165-0C48-4680-9A49-281688EB1CD8}.Release|Any CPU.Build.0 = Release|Any CPU
		{7A6CD165-0C48-4680-9A49-281688EB1CD8}.Release|ARM.ActiveCfg = Release|Any CPU
		{7A6CD165-0C48-4680-9A49-281688EB1CD8}.Release|ARM.Build.0 = Release|Any CPU
		{7A6CD165-0C48-4680-9A49-281688EB1CD8}.Release|Mixed Platforms.ActiveCfg = Release|Any CPU
		{7A6CD165-0C48-4680-9A49-281688EB1CD8}.Release|Mixed Platforms.Build.0 = Release|Any CPU
		{7A6CD165-0C48-4680-9A49-281688EB1CD8}.Release|x64.ActiveCfg = Release|Any CPU
		{7A6CD165-0C48-4680-9A49-281688EB1CD8}.Release|x64.Build.0 = Release|Any CPU
		{7A6CD165-0C48-4680-9A49-281688EB1CD8}.Release|x86.ActiveCfg = Release|Any CPU
		{F79683FF-E524-4107-A6E1-29579EE544E1}.Debug|Any CPU.ActiveCfg = Debug|Any CPU
		{F79683FF-E524-4107-A6E1-29579EE544E1}.Debug|Any CPU.Build.0 = Debug|Any CPU
		{F79683FF-E524-4107-A6E1-29579EE544E1}.Debug|ARM.ActiveCfg = Debug|Any CPU
		{F79683FF-E524-4107-A6E1-29579EE544E1}.Debug|ARM.Build.0 = Debug|Any CPU
		{F79683FF-E524-4107-A6E1-29579EE544E1}.Debug|Mixed Platforms.ActiveCfg = Debug|Any CPU
		{F79683FF-E524-4107-A6E1-29579EE544E1}.Debug|Mixed Platforms.Build.0 = Debug|Any CPU
		{F79683FF-E524-4107-A6E1-29579EE544E1}.Debug|x64.ActiveCfg = Debug|Any CPU
		{F79683FF-E524-4107-A6E1-29579EE544E1}.Debug|x64.Build.0 = Debug|Any CPU
		{F79683FF-E524-4107-A6E1-29579EE544E1}.Debug|x86.ActiveCfg = Debug|Any CPU
		{F79683FF-E524-4107-A6E1-29579EE544E1}.Release|Any CPU.ActiveCfg = Release|Any CPU
		{F79683FF-E524-4107-A6E1-29579EE544E1}.Release|Any CPU.Build.0 = Release|Any CPU
		{F79683FF-E524-4107-A6E1-29579EE544E1}.Release|ARM.ActiveCfg = Release|Any CPU
		{F79683FF-E524-4107-A6E1-29579EE544E1}.Release|ARM.Build.0 = Release|Any CPU
		{F79683FF-E524-4107-A6E1-29579EE544E1}.Release|Mixed Platforms.ActiveCfg = Release|Any CPU
		{F79683FF-E524-4107-A6E1-29579EE544E1}.Release|Mixed Platforms.Build.0 = Release|Any CPU
		{F79683FF-E524-4107-A6E1-29579EE544E1}.Release|x64.ActiveCfg = Release|Any CPU
		{F79683FF-E524-4107-A6E1-29579EE544E1}.Release|x64.Build.0 = Release|Any CPU
		{F79683FF-E524-4107-A6E1-29579EE544E1}.Release|x86.ActiveCfg = Release|Any CPU
		{38E0FE39-83A8-4C81-8905-76A2AC5A0124}.Debug|Any CPU.ActiveCfg = Debug|Any CPU
		{38E0FE39-83A8-4C81-8905-76A2AC5A0124}.Debug|Any CPU.Build.0 = Debug|Any CPU
		{38E0FE39-83A8-4C81-8905-76A2AC5A0124}.Debug|ARM.ActiveCfg = Debug|Any CPU
		{38E0FE39-83A8-4C81-8905-76A2AC5A0124}.Debug|ARM.Build.0 = Debug|Any CPU
		{38E0FE39-83A8-4C81-8905-76A2AC5A0124}.Debug|Mixed Platforms.ActiveCfg = Debug|Any CPU
		{38E0FE39-83A8-4C81-8905-76A2AC5A0124}.Debug|Mixed Platforms.Build.0 = Debug|Any CPU
		{38E0FE39-83A8-4C81-8905-76A2AC5A0124}.Debug|x64.ActiveCfg = Debug|Any CPU
		{38E0FE39-83A8-4C81-8905-76A2AC5A0124}.Debug|x64.Build.0 = Debug|Any CPU
		{38E0FE39-83A8-4C81-8905-76A2AC5A0124}.Debug|x86.ActiveCfg = Debug|Any CPU
		{38E0FE39-83A8-4C81-8905-76A2AC5A0124}.Release|Any CPU.ActiveCfg = Release|Any CPU
		{38E0FE39-83A8-4C81-8905-76A2AC5A0124}.Release|Any CPU.Build.0 = Release|Any CPU
		{38E0FE39-83A8-4C81-8905-76A2AC5A0124}.Release|ARM.ActiveCfg = Release|Any CPU
		{38E0FE39-83A8-4C81-8905-76A2AC5A0124}.Release|ARM.Build.0 = Release|Any CPU
		{38E0FE39-83A8-4C81-8905-76A2AC5A0124}.Release|Mixed Platforms.ActiveCfg = Release|Any CPU
		{38E0FE39-83A8-4C81-8905-76A2AC5A0124}.Release|Mixed Platforms.Build.0 = Release|Any CPU
		{38E0FE39-83A8-4C81-8905-76A2AC5A0124}.Release|x64.ActiveCfg = Release|Any CPU
		{38E0FE39-83A8-4C81-8905-76A2AC5A0124}.Release|x64.Build.0 = Release|Any CPU
		{38E0FE39-83A8-4C81-8905-76A2AC5A0124}.Release|x86.ActiveCfg = Release|Any CPU
		{7D548D87-F609-45D7-B3AF-BCB99996931E}.Debug|Any CPU.ActiveCfg = Debug|Any CPU
		{7D548D87-F609-45D7-B3AF-BCB99996931E}.Debug|Any CPU.Build.0 = Debug|Any CPU
		{7D548D87-F609-45D7-B3AF-BCB99996931E}.Debug|ARM.ActiveCfg = Debug|Any CPU
		{7D548D87-F609-45D7-B3AF-BCB99996931E}.Debug|ARM.Build.0 = Debug|Any CPU
		{7D548D87-F609-45D7-B3AF-BCB99996931E}.Debug|Mixed Platforms.ActiveCfg = Debug|Any CPU
		{7D548D87-F609-45D7-B3AF-BCB99996931E}.Debug|Mixed Platforms.Build.0 = Debug|Any CPU
		{7D548D87-F609-45D7-B3AF-BCB99996931E}.Debug|x64.ActiveCfg = Debug|Any CPU
		{7D548D87-F609-45D7-B3AF-BCB99996931E}.Debug|x64.Build.0 = Debug|Any CPU
		{7D548D87-F609-45D7-B3AF-BCB99996931E}.Debug|x86.ActiveCfg = Debug|Any CPU
		{7D548D87-F609-45D7-B3AF-BCB99996931E}.Release|Any CPU.ActiveCfg = Release|Any CPU
		{7D548D87-F609-45D7-B3AF-BCB99996931E}.Release|Any CPU.Build.0 = Release|Any CPU
		{7D548D87-F609-45D7-B3AF-BCB99996931E}.Release|ARM.ActiveCfg = Release|Any CPU
		{7D548D87-F609-45D7-B3AF-BCB99996931E}.Release|ARM.Build.0 = Release|Any CPU
		{7D548D87-F609-45D7-B3AF-BCB99996931E}.Release|Mixed Platforms.ActiveCfg = Release|Any CPU
		{7D548D87-F609-45D7-B3AF-BCB99996931E}.Release|Mixed Platforms.Build.0 = Release|Any CPU
		{7D548D87-F609-45D7-B3AF-BCB99996931E}.Release|x64.ActiveCfg = Release|Any CPU
		{7D548D87-F609-45D7-B3AF-BCB99996931E}.Release|x64.Build.0 = Release|Any CPU
		{7D548D87-F609-45D7-B3AF-BCB99996931E}.Release|x86.ActiveCfg = Release|Any CPU
		{85BE7662-47C8-4E82-8090-3F2BD61CC0F7}.Debug|Any CPU.ActiveCfg = Debug|Any CPU
		{85BE7662-47C8-4E82-8090-3F2BD61CC0F7}.Debug|Any CPU.Build.0 = Debug|Any CPU
		{85BE7662-47C8-4E82-8090-3F2BD61CC0F7}.Debug|ARM.ActiveCfg = Debug|Any CPU
		{85BE7662-47C8-4E82-8090-3F2BD61CC0F7}.Debug|ARM.Build.0 = Debug|Any CPU
		{85BE7662-47C8-4E82-8090-3F2BD61CC0F7}.Debug|Mixed Platforms.ActiveCfg = Debug|Any CPU
		{85BE7662-47C8-4E82-8090-3F2BD61CC0F7}.Debug|Mixed Platforms.Build.0 = Debug|Any CPU
		{85BE7662-47C8-4E82-8090-3F2BD61CC0F7}.Debug|x64.ActiveCfg = Debug|Any CPU
		{85BE7662-47C8-4E82-8090-3F2BD61CC0F7}.Debug|x64.Build.0 = Debug|Any CPU
		{85BE7662-47C8-4E82-8090-3F2BD61CC0F7}.Debug|x86.ActiveCfg = Debug|Any CPU
		{85BE7662-47C8-4E82-8090-3F2BD61CC0F7}.Debug|x86.Build.0 = Debug|Any CPU
		{85BE7662-47C8-4E82-8090-3F2BD61CC0F7}.Release|Any CPU.ActiveCfg = Release|Any CPU
		{85BE7662-47C8-4E82-8090-3F2BD61CC0F7}.Release|Any CPU.Build.0 = Release|Any CPU
		{85BE7662-47C8-4E82-8090-3F2BD61CC0F7}.Release|ARM.ActiveCfg = Release|Any CPU
		{85BE7662-47C8-4E82-8090-3F2BD61CC0F7}.Release|ARM.Build.0 = Release|Any CPU
		{85BE7662-47C8-4E82-8090-3F2BD61CC0F7}.Release|Mixed Platforms.ActiveCfg = Release|Any CPU
		{85BE7662-47C8-4E82-8090-3F2BD61CC0F7}.Release|Mixed Platforms.Build.0 = Release|Any CPU
		{85BE7662-47C8-4E82-8090-3F2BD61CC0F7}.Release|x64.ActiveCfg = Release|Any CPU
		{85BE7662-47C8-4E82-8090-3F2BD61CC0F7}.Release|x64.Build.0 = Release|Any CPU
		{85BE7662-47C8-4E82-8090-3F2BD61CC0F7}.Release|x86.ActiveCfg = Release|Any CPU
		{85BE7662-47C8-4E82-8090-3F2BD61CC0F7}.Release|x86.Build.0 = Release|Any CPU
		{D0C76FE8-7233-4DA5-B106-8E4F51A32AD2}.Debug|Any CPU.ActiveCfg = Debug|Any CPU
		{D0C76FE8-7233-4DA5-B106-8E4F51A32AD2}.Debug|Any CPU.Build.0 = Debug|Any CPU
		{D0C76FE8-7233-4DA5-B106-8E4F51A32AD2}.Debug|ARM.ActiveCfg = Debug|Any CPU
		{D0C76FE8-7233-4DA5-B106-8E4F51A32AD2}.Debug|ARM.Build.0 = Debug|Any CPU
		{D0C76FE8-7233-4DA5-B106-8E4F51A32AD2}.Debug|Mixed Platforms.ActiveCfg = Debug|Any CPU
		{D0C76FE8-7233-4DA5-B106-8E4F51A32AD2}.Debug|Mixed Platforms.Build.0 = Debug|Any CPU
		{D0C76FE8-7233-4DA5-B106-8E4F51A32AD2}.Debug|x64.ActiveCfg = Debug|Any CPU
		{D0C76FE8-7233-4DA5-B106-8E4F51A32AD2}.Debug|x64.Build.0 = Debug|Any CPU
		{D0C76FE8-7233-4DA5-B106-8E4F51A32AD2}.Debug|x86.ActiveCfg = Debug|Any CPU
		{D0C76FE8-7233-4DA5-B106-8E4F51A32AD2}.Debug|x86.Build.0 = Debug|Any CPU
		{D0C76FE8-7233-4DA5-B106-8E4F51A32AD2}.Release|Any CPU.ActiveCfg = Release|Any CPU
		{D0C76FE8-7233-4DA5-B106-8E4F51A32AD2}.Release|Any CPU.Build.0 = Release|Any CPU
		{D0C76FE8-7233-4DA5-B106-8E4F51A32AD2}.Release|ARM.ActiveCfg = Release|Any CPU
		{D0C76FE8-7233-4DA5-B106-8E4F51A32AD2}.Release|ARM.Build.0 = Release|Any CPU
		{D0C76FE8-7233-4DA5-B106-8E4F51A32AD2}.Release|Mixed Platforms.ActiveCfg = Release|Any CPU
		{D0C76FE8-7233-4DA5-B106-8E4F51A32AD2}.Release|Mixed Platforms.Build.0 = Release|Any CPU
		{D0C76FE8-7233-4DA5-B106-8E4F51A32AD2}.Release|x64.ActiveCfg = Release|Any CPU
		{D0C76FE8-7233-4DA5-B106-8E4F51A32AD2}.Release|x64.Build.0 = Release|Any CPU
		{D0C76FE8-7233-4DA5-B106-8E4F51A32AD2}.Release|x86.ActiveCfg = Release|Any CPU
		{D0C76FE8-7233-4DA5-B106-8E4F51A32AD2}.Release|x86.Build.0 = Release|Any CPU
		{98C7F73D-EF9D-4A87-8B79-A1208085CFBD}.Debug|Any CPU.ActiveCfg = Debug|Any CPU
		{98C7F73D-EF9D-4A87-8B79-A1208085CFBD}.Debug|Any CPU.Build.0 = Debug|Any CPU
		{98C7F73D-EF9D-4A87-8B79-A1208085CFBD}.Debug|ARM.ActiveCfg = Debug|Any CPU
		{98C7F73D-EF9D-4A87-8B79-A1208085CFBD}.Debug|ARM.Build.0 = Debug|Any CPU
		{98C7F73D-EF9D-4A87-8B79-A1208085CFBD}.Debug|Mixed Platforms.ActiveCfg = Debug|Any CPU
		{98C7F73D-EF9D-4A87-8B79-A1208085CFBD}.Debug|Mixed Platforms.Build.0 = Debug|Any CPU
		{98C7F73D-EF9D-4A87-8B79-A1208085CFBD}.Debug|x64.ActiveCfg = Debug|Any CPU
		{98C7F73D-EF9D-4A87-8B79-A1208085CFBD}.Debug|x64.Build.0 = Debug|Any CPU
		{98C7F73D-EF9D-4A87-8B79-A1208085CFBD}.Debug|x86.ActiveCfg = Debug|Any CPU
		{98C7F73D-EF9D-4A87-8B79-A1208085CFBD}.Debug|x86.Build.0 = Debug|Any CPU
		{98C7F73D-EF9D-4A87-8B79-A1208085CFBD}.Release|Any CPU.ActiveCfg = Release|Any CPU
		{98C7F73D-EF9D-4A87-8B79-A1208085CFBD}.Release|Any CPU.Build.0 = Release|Any CPU
		{98C7F73D-EF9D-4A87-8B79-A1208085CFBD}.Release|ARM.ActiveCfg = Release|Any CPU
		{98C7F73D-EF9D-4A87-8B79-A1208085CFBD}.Release|ARM.Build.0 = Release|Any CPU
		{98C7F73D-EF9D-4A87-8B79-A1208085CFBD}.Release|Mixed Platforms.ActiveCfg = Release|Any CPU
		{98C7F73D-EF9D-4A87-8B79-A1208085CFBD}.Release|Mixed Platforms.Build.0 = Release|Any CPU
		{98C7F73D-EF9D-4A87-8B79-A1208085CFBD}.Release|x64.ActiveCfg = Release|Any CPU
		{98C7F73D-EF9D-4A87-8B79-A1208085CFBD}.Release|x64.Build.0 = Release|Any CPU
		{98C7F73D-EF9D-4A87-8B79-A1208085CFBD}.Release|x86.ActiveCfg = Release|Any CPU
		{98C7F73D-EF9D-4A87-8B79-A1208085CFBD}.Release|x86.Build.0 = Release|Any CPU
	EndGlobalSection
	GlobalSection(SolutionProperties) = preSolution
		HideSolutionNode = FALSE
	EndGlobalSection
	GlobalSection(ExtensibilityGlobals) = postSolution
		SolutionGuid = {CC0B0525-E3FD-41E3-9A04-56651BF202A8}
	EndGlobalSection
EndGlobal
