
Microsoft Visual Studio Solution File, Format Version 12.00
# Visual Studio Version 16
VisualStudioVersion = 16.0.31424.327
MinimumVisualStudioVersion = 10.0.40219.1
Project("{FAE04EC0-301F-11D3-BF4B-00C04F79EFBC}") = "LNF", "LNF\LNF.csproj", "{E3B73410-869B-4BA2-99AC-AD6708A27ADE}"
EndProject
Project("{FAE04EC0-301F-11D3-BF4B-00C04F79EFBC}") = "LNF.Scripting", "LNF.Scripting\LNF.Scripting.csproj", "{9A06D3AB-B920-44CA-B880-ED6E955E9F71}"
EndProject
Project("{FAE04EC0-301F-11D3-BF4B-00C04F79EFBC}") = "LNF.Web", "LNF.Web\LNF.Web.csproj", "{F79683FF-E524-4107-A6E1-29579EE544E1}"
EndProject
Project("{FAE04EC0-301F-11D3-BF4B-00C04F79EFBC}") = "LNF.Printing", "LNF.Printing\LNF.Printing.csproj", "{7D548D87-F609-45D7-B3AF-BCB99996931E}"
EndProject
Project("{FAE04EC0-301F-11D3-BF4B-00C04F79EFBC}") = "OnlineServices.Api", "OnlineServices.Api\OnlineServices.Api.csproj", "{D0C76FE8-7233-4DA5-B106-8E4F51A32AD2}"
EndProject
Project("{FAE04EC0-301F-11D3-BF4B-00C04F79EFBC}") = "LNF.WebApi", "LNF.WebApi\LNF.WebApi.csproj", "{85BE7662-47C8-4E82-8090-3F2BD61CC0F7}"
EndProject
Project("{FAE04EC0-301F-11D3-BF4B-00C04F79EFBC}") = "LNF.Impl", "LNF.Impl\LNF.Impl.csproj", "{F490B789-B824-4A8C-90FC-AC447C3277F0}"
EndProject
Project("{FAE04EC0-301F-11D3-BF4B-00C04F79EFBC}") = "LNF.Tests", "LNF.Tests\LNF.Tests.csproj", "{BBA0AC44-1ED8-4A40-94A5-F01CDCE8C4CE}"
EndProject
Project("{FAE04EC0-301F-11D3-BF4B-00C04F79EFBC}") = "LNF.Mongo", "LNF.Mongo\LNF.Mongo.csproj", "{B2C390A2-3F60-42A9-9275-CE44B5AADB3A}"
EndProject
Global
	GlobalSection(SolutionConfigurationPlatforms) = preSolution
		Debug|Any CPU = Debug|Any CPU
		Debug|ARM = Debug|ARM
		Debug|Mixed Platforms = Debug|Mixed Platforms
		Debug|x64 = Debug|x64
		Debug|x86 = Debug|x86
		Release|Any CPU = Release|Any CPU
		Release|ARM = Release|ARM
		Release|Mixed Platforms = Release|Mixed Platforms
		Release|x64 = Release|x64
		Release|x86 = Release|x86
	EndGlobalSection
	GlobalSection(ProjectConfigurationPlatforms) = postSolution
		{E3B73410-869B-4BA2-99AC-AD6708A27ADE}.Debug|Any CPU.ActiveCfg = Debug|Any CPU
		{E3B73410-869B-4BA2-99AC-AD6708A27ADE}.Debug|Any CPU.Build.0 = Debug|Any CPU
		{E3B73410-869B-4BA2-99AC-AD6708A27ADE}.Debug|ARM.ActiveCfg = Debug|Any CPU
		{E3B73410-869B-4BA2-99AC-AD6708A27ADE}.Debug|ARM.Build.0 = Debug|Any CPU
		{E3B73410-869B-4BA2-99AC-AD6708A27ADE}.Debug|Mixed Platforms.ActiveCfg = Debug|Any CPU
		{E3B73410-869B-4BA2-99AC-AD6708A27ADE}.Debug|Mixed Platforms.Build.0 = Debug|Any CPU
		{E3B73410-869B-4BA2-99AC-AD6708A27ADE}.Debug|x64.ActiveCfg = Debug|Any CPU
		{E3B73410-869B-4BA2-99AC-AD6708A27ADE}.Debug|x64.Build.0 = Debug|Any CPU
		{E3B73410-869B-4BA2-99AC-AD6708A27ADE}.Debug|x86.ActiveCfg = Debug|Any CPU
		{E3B73410-869B-4BA2-99AC-AD6708A27ADE}.Release|Any CPU.ActiveCfg = Release|Any CPU
		{E3B73410-869B-4BA2-99AC-AD6708A27ADE}.Release|Any CPU.Build.0 = Release|Any CPU
		{E3B73410-869B-4BA2-99AC-AD6708A27ADE}.Release|ARM.ActiveCfg = Release|Any CPU
		{E3B73410-869B-4BA2-99AC-AD6708A27ADE}.Release|ARM.Build.0 = Release|Any CPU
		{E3B73410-869B-4BA2-99AC-AD6708A27ADE}.Release|Mixed Platforms.ActiveCfg = Release|Any CPU
		{E3B73410-869B-4BA2-99AC-AD6708A27ADE}.Release|Mixed Platforms.Build.0 = Release|Any CPU
		{E3B73410-869B-4BA2-99AC-AD6708A27ADE}.Release|x64.ActiveCfg = Release|Any CPU
		{E3B73410-869B-4BA2-99AC-AD6708A27ADE}.Release|x64.Build.0 = Release|Any CPU
		{E3B73410-869B-4BA2-99AC-AD6708A27ADE}.Release|x86.ActiveCfg = Release|Any CPU
		{9A06D3AB-B920-44CA-B880-ED6E955E9F71}.Debug|Any CPU.ActiveCfg = Debug|Any CPU
		{9A06D3AB-B920-44CA-B880-ED6E955E9F71}.Debug|Any CPU.Build.0 = Debug|Any CPU
		{9A06D3AB-B920-44CA-B880-ED6E955E9F71}.Debug|ARM.ActiveCfg = Debug|Any CPU
		{9A06D3AB-B920-44CA-B880-ED6E955E9F71}.Debug|ARM.Build.0 = Debug|Any CPU
		{9A06D3AB-B920-44CA-B880-ED6E955E9F71}.Debug|Mixed Platforms.ActiveCfg = Debug|Any CPU
		{9A06D3AB-B920-44CA-B880-ED6E955E9F71}.Debug|Mixed Platforms.Build.0 = Debug|Any CPU
		{9A06D3AB-B920-44CA-B880-ED6E955E9F71}.Debug|x64.ActiveCfg = Debug|Any CPU
		{9A06D3AB-B920-44CA-B880-ED6E955E9F71}.Debug|x64.Build.0 = Debug|Any CPU
		{9A06D3AB-B920-44CA-B880-ED6E955E9F71}.Debug|x86.ActiveCfg = Debug|Any CPU
		{9A06D3AB-B920-44CA-B880-ED6E955E9F71}.Release|Any CPU.ActiveCfg = Release|Any CPU
		{9A06D3AB-B920-44CA-B880-ED6E955E9F71}.Release|Any CPU.Build.0 = Release|Any CPU
		{9A06D3AB-B920-44CA-B880-ED6E955E9F71}.Release|ARM.ActiveCfg = Release|Any CPU
		{9A06D3AB-B920-44CA-B880-ED6E955E9F71}.Release|ARM.Build.0 = Release|Any CPU
		{9A06D3AB-B920-44CA-B880-ED6E955E9F71}.Release|Mixed Platforms.ActiveCfg = Release|Any CPU
		{9A06D3AB-B920-44CA-B880-ED6E955E9F71}.Release|Mixed Platforms.Build.0 = Release|Any CPU
		{9A06D3AB-B920-44CA-B880-ED6E955E9F71}.Release|x64.ActiveCfg = Release|Any CPU
		{9A06D3AB-B920-44CA-B880-ED6E955E9F71}.Release|x64.Build.0 = Release|Any CPU
		{9A06D3AB-B920-44CA-B880-ED6E955E9F71}.Release|x86.ActiveCfg = Release|Any CPU
		{F79683FF-E524-4107-A6E1-29579EE544E1}.Debug|Any CPU.ActiveCfg = Debug|Any CPU
		{F79683FF-E524-4107-A6E1-29579EE544E1}.Debug|Any CPU.Build.0 = Debug|Any CPU
		{F79683FF-E524-4107-A6E1-29579EE544E1}.Debug|ARM.ActiveCfg = Debug|Any CPU
		{F79683FF-E524-4107-A6E1-29579EE544E1}.Debug|ARM.Build.0 = Debug|Any CPU
		{F79683FF-E524-4107-A6E1-29579EE544E1}.Debug|Mixed Platforms.ActiveCfg = Debug|Any CPU
		{F79683FF-E524-4107-A6E1-29579EE544E1}.Debug|Mixed Platforms.Build.0 = Debug|Any CPU
		{F79683FF-E524-4107-A6E1-29579EE544E1}.Debug|x64.ActiveCfg = Debug|Any CPU
		{F79683FF-E524-4107-A6E1-29579EE544E1}.Debug|x64.Build.0 = Debug|Any CPU
		{F79683FF-E524-4107-A6E1-29579EE544E1}.Debug|x86.ActiveCfg = Debug|Any CPU
		{F79683FF-E524-4107-A6E1-29579EE544E1}.Release|Any CPU.ActiveCfg = Release|Any CPU
		{F79683FF-E524-4107-A6E1-29579EE544E1}.Release|Any CPU.Build.0 = Release|Any CPU
		{F79683FF-E524-4107-A6E1-29579EE544E1}.Release|ARM.ActiveCfg = Release|Any CPU
		{F79683FF-E524-4107-A6E1-29579EE544E1}.Release|ARM.Build.0 = Release|Any CPU
		{F79683FF-E524-4107-A6E1-29579EE544E1}.Release|Mixed Platforms.ActiveCfg = Release|Any CPU
		{F79683FF-E524-4107-A6E1-29579EE544E1}.Release|Mixed Platforms.Build.0 = Release|Any CPU
		{F79683FF-E524-4107-A6E1-29579EE544E1}.Release|x64.ActiveCfg = Release|Any CPU
		{F79683FF-E524-4107-A6E1-29579EE544E1}.Release|x64.Build.0 = Release|Any CPU
		{F79683FF-E524-4107-A6E1-29579EE544E1}.Release|x86.ActiveCfg = Release|Any CPU
		{7D548D87-F609-45D7-B3AF-BCB99996931E}.Debug|Any CPU.ActiveCfg = Debug|Any CPU
		{7D548D87-F609-45D7-B3AF-BCB99996931E}.Debug|Any CPU.Build.0 = Debug|Any CPU
		{7D548D87-F609-45D7-B3AF-BCB99996931E}.Debug|ARM.ActiveCfg = Debug|Any CPU
		{7D548D87-F609-45D7-B3AF-BCB99996931E}.Debug|ARM.Build.0 = Debug|Any CPU
		{7D548D87-F609-45D7-B3AF-BCB99996931E}.Debug|Mixed Platforms.ActiveCfg = Debug|Any CPU
		{7D548D87-F609-45D7-B3AF-BCB99996931E}.Debug|Mixed Platforms.Build.0 = Debug|Any CPU
		{7D548D87-F609-45D7-B3AF-BCB99996931E}.Debug|x64.ActiveCfg = Debug|Any CPU
		{7D548D87-F609-45D7-B3AF-BCB99996931E}.Debug|x64.Build.0 = Debug|Any CPU
		{7D548D87-F609-45D7-B3AF-BCB99996931E}.Debug|x86.ActiveCfg = Debug|Any CPU
		{7D548D87-F609-45D7-B3AF-BCB99996931E}.Release|Any CPU.ActiveCfg = Release|Any CPU
		{7D548D87-F609-45D7-B3AF-BCB99996931E}.Release|Any CPU.Build.0 = Release|Any CPU
		{7D548D87-F609-45D7-B3AF-BCB99996931E}.Release|ARM.ActiveCfg = Release|Any CPU
		{7D548D87-F609-45D7-B3AF-BCB99996931E}.Release|ARM.Build.0 = Release|Any CPU
		{7D548D87-F609-45D7-B3AF-BCB99996931E}.Release|Mixed Platforms.ActiveCfg = Release|Any CPU
		{7D548D87-F609-45D7-B3AF-BCB99996931E}.Release|Mixed Platforms.Build.0 = Release|Any CPU
		{7D548D87-F609-45D7-B3AF-BCB99996931E}.Release|x64.ActiveCfg = Release|Any CPU
		{7D548D87-F609-45D7-B3AF-BCB99996931E}.Release|x64.Build.0 = Release|Any CPU
		{7D548D87-F609-45D7-B3AF-BCB99996931E}.Release|x86.ActiveCfg = Release|Any CPU
		{D0C76FE8-7233-4DA5-B106-8E4F51A32AD2}.Debug|Any CPU.ActiveCfg = Debug|Any CPU
		{D0C76FE8-7233-4DA5-B106-8E4F51A32AD2}.Debug|Any CPU.Build.0 = Debug|Any CPU
		{D0C76FE8-7233-4DA5-B106-8E4F51A32AD2}.Debug|ARM.ActiveCfg = Debug|Any CPU
		{D0C76FE8-7233-4DA5-B106-8E4F51A32AD2}.Debug|ARM.Build.0 = Debug|Any CPU
		{D0C76FE8-7233-4DA5-B106-8E4F51A32AD2}.Debug|Mixed Platforms.ActiveCfg = Debug|Any CPU
		{D0C76FE8-7233-4DA5-B106-8E4F51A32AD2}.Debug|Mixed Platforms.Build.0 = Debug|Any CPU
		{D0C76FE8-7233-4DA5-B106-8E4F51A32AD2}.Debug|x64.ActiveCfg = Debug|Any CPU
		{D0C76FE8-7233-4DA5-B106-8E4F51A32AD2}.Debug|x64.Build.0 = Debug|Any CPU
		{D0C76FE8-7233-4DA5-B106-8E4F51A32AD2}.Debug|x86.ActiveCfg = Debug|Any CPU
		{D0C76FE8-7233-4DA5-B106-8E4F51A32AD2}.Debug|x86.Build.0 = Debug|Any CPU
		{D0C76FE8-7233-4DA5-B106-8E4F51A32AD2}.Release|Any CPU.ActiveCfg = Release|Any CPU
		{D0C76FE8-7233-4DA5-B106-8E4F51A32AD2}.Release|Any CPU.Build.0 = Release|Any CPU
		{D0C76FE8-7233-4DA5-B106-8E4F51A32AD2}.Release|ARM.ActiveCfg = Release|Any CPU
		{D0C76FE8-7233-4DA5-B106-8E4F51A32AD2}.Release|ARM.Build.0 = Release|Any CPU
		{D0C76FE8-7233-4DA5-B106-8E4F51A32AD2}.Release|Mixed Platforms.ActiveCfg = Release|Any CPU
		{D0C76FE8-7233-4DA5-B106-8E4F51A32AD2}.Release|Mixed Platforms.Build.0 = Release|Any CPU
		{D0C76FE8-7233-4DA5-B106-8E4F51A32AD2}.Release|x64.ActiveCfg = Release|Any CPU
		{D0C76FE8-7233-4DA5-B106-8E4F51A32AD2}.Release|x64.Build.0 = Release|Any CPU
		{D0C76FE8-7233-4DA5-B106-8E4F51A32AD2}.Release|x86.ActiveCfg = Release|Any CPU
		{D0C76FE8-7233-4DA5-B106-8E4F51A32AD2}.Release|x86.Build.0 = Release|Any CPU
		{85BE7662-47C8-4E82-8090-3F2BD61CC0F7}.Debug|Any CPU.ActiveCfg = Debug|Any CPU
		{85BE7662-47C8-4E82-8090-3F2BD61CC0F7}.Debug|Any CPU.Build.0 = Debug|Any CPU
		{85BE7662-47C8-4E82-8090-3F2BD61CC0F7}.Debug|ARM.ActiveCfg = Debug|Any CPU
		{85BE7662-47C8-4E82-8090-3F2BD61CC0F7}.Debug|ARM.Build.0 = Debug|Any CPU
		{85BE7662-47C8-4E82-8090-3F2BD61CC0F7}.Debug|Mixed Platforms.ActiveCfg = Debug|Any CPU
		{85BE7662-47C8-4E82-8090-3F2BD61CC0F7}.Debug|Mixed Platforms.Build.0 = Debug|Any CPU
		{85BE7662-47C8-4E82-8090-3F2BD61CC0F7}.Debug|x64.ActiveCfg = Debug|Any CPU
		{85BE7662-47C8-4E82-8090-3F2BD61CC0F7}.Debug|x64.Build.0 = Debug|Any CPU
		{85BE7662-47C8-4E82-8090-3F2BD61CC0F7}.Debug|x86.ActiveCfg = Debug|Any CPU
		{85BE7662-47C8-4E82-8090-3F2BD61CC0F7}.Debug|x86.Build.0 = Debug|Any CPU
		{85BE7662-47C8-4E82-8090-3F2BD61CC0F7}.Release|Any CPU.ActiveCfg = Release|Any CPU
		{85BE7662-47C8-4E82-8090-3F2BD61CC0F7}.Release|Any CPU.Build.0 = Release|Any CPU
		{85BE7662-47C8-4E82-8090-3F2BD61CC0F7}.Release|ARM.ActiveCfg = Release|Any CPU
		{85BE7662-47C8-4E82-8090-3F2BD61CC0F7}.Release|ARM.Build.0 = Release|Any CPU
		{85BE7662-47C8-4E82-8090-3F2BD61CC0F7}.Release|Mixed Platforms.ActiveCfg = Release|Any CPU
		{85BE7662-47C8-4E82-8090-3F2BD61CC0F7}.Release|Mixed Platforms.Build.0 = Release|Any CPU
		{85BE7662-47C8-4E82-8090-3F2BD61CC0F7}.Release|x64.ActiveCfg = Release|Any CPU
		{85BE7662-47C8-4E82-8090-3F2BD61CC0F7}.Release|x64.Build.0 = Release|Any CPU
		{85BE7662-47C8-4E82-8090-3F2BD61CC0F7}.Release|x86.ActiveCfg = Release|Any CPU
		{85BE7662-47C8-4E82-8090-3F2BD61CC0F7}.Release|x86.Build.0 = Release|Any CPU
		{F490B789-B824-4A8C-90FC-AC447C3277F0}.Debug|Any CPU.ActiveCfg = Debug|Any CPU
		{F490B789-B824-4A8C-90FC-AC447C3277F0}.Debug|Any CPU.Build.0 = Debug|Any CPU
		{F490B789-B824-4A8C-90FC-AC447C3277F0}.Debug|ARM.ActiveCfg = Debug|Any CPU
		{F490B789-B824-4A8C-90FC-AC447C3277F0}.Debug|ARM.Build.0 = Debug|Any CPU
		{F490B789-B824-4A8C-90FC-AC447C3277F0}.Debug|Mixed Platforms.ActiveCfg = Debug|Any CPU
		{F490B789-B824-4A8C-90FC-AC447C3277F0}.Debug|Mixed Platforms.Build.0 = Debug|Any CPU
		{F490B789-B824-4A8C-90FC-AC447C3277F0}.Debug|x64.ActiveCfg = Debug|Any CPU
		{F490B789-B824-4A8C-90FC-AC447C3277F0}.Debug|x64.Build.0 = Debug|Any CPU
		{F490B789-B824-4A8C-90FC-AC447C3277F0}.Debug|x86.ActiveCfg = Debug|Any CPU
		{F490B789-B824-4A8C-90FC-AC447C3277F0}.Debug|x86.Build.0 = Debug|Any CPU
		{F490B789-B824-4A8C-90FC-AC447C3277F0}.Release|Any CPU.ActiveCfg = Release|Any CPU
		{F490B789-B824-4A8C-90FC-AC447C3277F0}.Release|Any CPU.Build.0 = Release|Any CPU
		{F490B789-B824-4A8C-90FC-AC447C3277F0}.Release|ARM.ActiveCfg = Release|Any CPU
		{F490B789-B824-4A8C-90FC-AC447C3277F0}.Release|ARM.Build.0 = Release|Any CPU
		{F490B789-B824-4A8C-90FC-AC447C3277F0}.Release|Mixed Platforms.ActiveCfg = Release|Any CPU
		{F490B789-B824-4A8C-90FC-AC447C3277F0}.Release|Mixed Platforms.Build.0 = Release|Any CPU
		{F490B789-B824-4A8C-90FC-AC447C3277F0}.Release|x64.ActiveCfg = Release|Any CPU
		{F490B789-B824-4A8C-90FC-AC447C3277F0}.Release|x64.Build.0 = Release|Any CPU
		{F490B789-B824-4A8C-90FC-AC447C3277F0}.Release|x86.ActiveCfg = Release|Any CPU
		{F490B789-B824-4A8C-90FC-AC447C3277F0}.Release|x86.Build.0 = Release|Any CPU
		{BBA0AC44-1ED8-4A40-94A5-F01CDCE8C4CE}.Debug|Any CPU.ActiveCfg = Debug|Any CPU
		{BBA0AC44-1ED8-4A40-94A5-F01CDCE8C4CE}.Debug|Any CPU.Build.0 = Debug|Any CPU
		{BBA0AC44-1ED8-4A40-94A5-F01CDCE8C4CE}.Debug|ARM.ActiveCfg = Debug|Any CPU
		{BBA0AC44-1ED8-4A40-94A5-F01CDCE8C4CE}.Debug|ARM.Build.0 = Debug|Any CPU
		{BBA0AC44-1ED8-4A40-94A5-F01CDCE8C4CE}.Debug|Mixed Platforms.ActiveCfg = Debug|Any CPU
		{BBA0AC44-1ED8-4A40-94A5-F01CDCE8C4CE}.Debug|Mixed Platforms.Build.0 = Debug|Any CPU
		{BBA0AC44-1ED8-4A40-94A5-F01CDCE8C4CE}.Debug|x64.ActiveCfg = Debug|Any CPU
		{BBA0AC44-1ED8-4A40-94A5-F01CDCE8C4CE}.Debug|x64.Build.0 = Debug|Any CPU
		{BBA0AC44-1ED8-4A40-94A5-F01CDCE8C4CE}.Debug|x86.ActiveCfg = Debug|Any CPU
		{BBA0AC44-1ED8-4A40-94A5-F01CDCE8C4CE}.Debug|x86.Build.0 = Debug|Any CPU
		{BBA0AC44-1ED8-4A40-94A5-F01CDCE8C4CE}.Release|Any CPU.ActiveCfg = Release|Any CPU
		{BBA0AC44-1ED8-4A40-94A5-F01CDCE8C4CE}.Release|Any CPU.Build.0 = Release|Any CPU
		{BBA0AC44-1ED8-4A40-94A5-F01CDCE8C4CE}.Release|ARM.ActiveCfg = Release|Any CPU
		{BBA0AC44-1ED8-4A40-94A5-F01CDCE8C4CE}.Release|ARM.Build.0 = Release|Any CPU
		{BBA0AC44-1ED8-4A40-94A5-F01CDCE8C4CE}.Release|Mixed Platforms.ActiveCfg = Release|Any CPU
		{BBA0AC44-1ED8-4A40-94A5-F01CDCE8C4CE}.Release|Mixed Platforms.Build.0 = Release|Any CPU
		{BBA0AC44-1ED8-4A40-94A5-F01CDCE8C4CE}.Release|x64.ActiveCfg = Release|Any CPU
		{BBA0AC44-1ED8-4A40-94A5-F01CDCE8C4CE}.Release|x64.Build.0 = Release|Any CPU
		{BBA0AC44-1ED8-4A40-94A5-F01CDCE8C4CE}.Release|x86.ActiveCfg = Release|Any CPU
		{BBA0AC44-1ED8-4A40-94A5-F01CDCE8C4CE}.Release|x86.Build.0 = Release|Any CPU
		{B2C390A2-3F60-42A9-9275-CE44B5AADB3A}.Debug|Any CPU.ActiveCfg = Debug|Any CPU
		{B2C390A2-3F60-42A9-9275-CE44B5AADB3A}.Debug|Any CPU.Build.0 = Debug|Any CPU
		{B2C390A2-3F60-42A9-9275-CE44B5AADB3A}.Debug|ARM.ActiveCfg = Debug|Any CPU
		{B2C390A2-3F60-42A9-9275-CE44B5AADB3A}.Debug|ARM.Build.0 = Debug|Any CPU
		{B2C390A2-3F60-42A9-9275-CE44B5AADB3A}.Debug|Mixed Platforms.ActiveCfg = Debug|Any CPU
		{B2C390A2-3F60-42A9-9275-CE44B5AADB3A}.Debug|Mixed Platforms.Build.0 = Debug|Any CPU
		{B2C390A2-3F60-42A9-9275-CE44B5AADB3A}.Debug|x64.ActiveCfg = Debug|Any CPU
		{B2C390A2-3F60-42A9-9275-CE44B5AADB3A}.Debug|x64.Build.0 = Debug|Any CPU
		{B2C390A2-3F60-42A9-9275-CE44B5AADB3A}.Debug|x86.ActiveCfg = Debug|Any CPU
		{B2C390A2-3F60-42A9-9275-CE44B5AADB3A}.Debug|x86.Build.0 = Debug|Any CPU
		{B2C390A2-3F60-42A9-9275-CE44B5AADB3A}.Release|Any CPU.ActiveCfg = Release|Any CPU
		{B2C390A2-3F60-42A9-9275-CE44B5AADB3A}.Release|Any CPU.Build.0 = Release|Any CPU
		{B2C390A2-3F60-42A9-9275-CE44B5AADB3A}.Release|ARM.ActiveCfg = Release|Any CPU
		{B2C390A2-3F60-42A9-9275-CE44B5AADB3A}.Release|ARM.Build.0 = Release|Any CPU
		{B2C390A2-3F60-42A9-9275-CE44B5AADB3A}.Release|Mixed Platforms.ActiveCfg = Release|Any CPU
		{B2C390A2-3F60-42A9-9275-CE44B5AADB3A}.Release|Mixed Platforms.Build.0 = Release|Any CPU
		{B2C390A2-3F60-42A9-9275-CE44B5AADB3A}.Release|x64.ActiveCfg = Release|Any CPU
		{B2C390A2-3F60-42A9-9275-CE44B5AADB3A}.Release|x64.Build.0 = Release|Any CPU
		{B2C390A2-3F60-42A9-9275-CE44B5AADB3A}.Release|x86.ActiveCfg = Release|Any CPU
		{B2C390A2-3F60-42A9-9275-CE44B5AADB3A}.Release|x86.Build.0 = Release|Any CPU
	EndGlobalSection
	GlobalSection(SolutionProperties) = preSolution
		HideSolutionNode = FALSE
	EndGlobalSection
	GlobalSection(ExtensibilityGlobals) = postSolution
		SolutionGuid = {CC0B0525-E3FD-41E3-9A04-56651BF202A8}
	EndGlobalSection
EndGlobal
